
Microsoft Visual Studio Solution File, Format Version 12.00
# Visual Studio 15
VisualStudioVersion = 15.0.26430.16
MinimumVisualStudioVersion = 10.0.40219.1
Project("{FAE04EC0-301F-11D3-BF4B-00C04F79EFBC}") = "Makapointment.Android", "Makapointment\Makapointment.Android\Makapointment.Android.csproj", "{39DDB545-B560-41E8-91B6-268D5CBBD231}"
EndProject
Project("{FAE04EC0-301F-11D3-BF4B-00C04F79EFBC}") = "Makapointment", "Makapointment\Makapointment\Makapointment.csproj", "{DA0DD657-F74D-4942-A84F-217F8014BDCE}"
EndProject
Project("{FAE04EC0-301F-11D3-BF4B-00C04F79EFBC}") = "Makapointment.iOS", "Makapointment\Makapointment.iOS\Makapointment.iOS.csproj", "{E43A2A65-8B66-42A7-8EA6-1558092918F1}"
EndProject
Global
	GlobalSection(SolutionConfigurationPlatforms) = preSolution
		Ad-Hoc|Any CPU = Ad-Hoc|Any CPU
		Ad-Hoc|ARM = Ad-Hoc|ARM
		Ad-Hoc|iPhone = Ad-Hoc|iPhone
		Ad-Hoc|iPhoneSimulator = Ad-Hoc|iPhoneSimulator
		Ad-Hoc|x64 = Ad-Hoc|x64
		Ad-Hoc|x86 = Ad-Hoc|x86
		AppStore|Any CPU = AppStore|Any CPU
		AppStore|ARM = AppStore|ARM
		AppStore|iPhone = AppStore|iPhone
		AppStore|iPhoneSimulator = AppStore|iPhoneSimulator
		AppStore|x64 = AppStore|x64
		AppStore|x86 = AppStore|x86
		Debug|Any CPU = Debug|Any CPU
		Debug|ARM = Debug|ARM
		Debug|iPhone = Debug|iPhone
		Debug|iPhoneSimulator = Debug|iPhoneSimulator
		Debug|x64 = Debug|x64
		Debug|x86 = Debug|x86
		Release|Any CPU = Release|Any CPU
		Release|ARM = Release|ARM
		Release|iPhone = Release|iPhone
		Release|iPhoneSimulator = Release|iPhoneSimulator
		Release|x64 = Release|x64
		Release|x86 = Release|x86
	EndGlobalSection
	GlobalSection(ProjectConfigurationPlatforms) = postSolution
		{39DDB545-B560-41E8-91B6-268D5CBBD231}.Ad-Hoc|Any CPU.ActiveCfg = Release|Any CPU
		{39DDB545-B560-41E8-91B6-268D5CBBD231}.Ad-Hoc|Any CPU.Build.0 = Release|Any CPU
		{39DDB545-B560-41E8-91B6-268D5CBBD231}.Ad-Hoc|Any CPU.Deploy.0 = Release|Any CPU
		{39DDB545-B560-41E8-91B6-268D5CBBD231}.Ad-Hoc|ARM.ActiveCfg = Release|Any CPU
		{39DDB545-B560-41E8-91B6-268D5CBBD231}.Ad-Hoc|ARM.Build.0 = Release|Any CPU
		{39DDB545-B560-41E8-91B6-268D5CBBD231}.Ad-Hoc|ARM.Deploy.0 = Release|Any CPU
		{39DDB545-B560-41E8-91B6-268D5CBBD231}.Ad-Hoc|iPhone.ActiveCfg = Release|Any CPU
		{39DDB545-B560-41E8-91B6-268D5CBBD231}.Ad-Hoc|iPhone.Build.0 = Release|Any CPU
		{39DDB545-B560-41E8-91B6-268D5CBBD231}.Ad-Hoc|iPhone.Deploy.0 = Release|Any CPU
		{39DDB545-B560-41E8-91B6-268D5CBBD231}.Ad-Hoc|iPhoneSimulator.ActiveCfg = Release|Any CPU
		{39DDB545-B560-41E8-91B6-268D5CBBD231}.Ad-Hoc|iPhoneSimulator.Build.0 = Release|Any CPU
		{39DDB545-B560-41E8-91B6-268D5CBBD231}.Ad-Hoc|iPhoneSimulator.Deploy.0 = Release|Any CPU
		{39DDB545-B560-41E8-91B6-268D5CBBD231}.Ad-Hoc|x64.ActiveCfg = Release|Any CPU
		{39DDB545-B560-41E8-91B6-268D5CBBD231}.Ad-Hoc|x64.Build.0 = Release|Any CPU
		{39DDB545-B560-41E8-91B6-268D5CBBD231}.Ad-Hoc|x64.Deploy.0 = Release|Any CPU
		{39DDB545-B560-41E8-91B6-268D5CBBD231}.Ad-Hoc|x86.ActiveCfg = Release|Any CPU
		{39DDB545-B560-41E8-91B6-268D5CBBD231}.Ad-Hoc|x86.Build.0 = Release|Any CPU
		{39DDB545-B560-41E8-91B6-268D5CBBD231}.Ad-Hoc|x86.Deploy.0 = Release|Any CPU
		{39DDB545-B560-41E8-91B6-268D5CBBD231}.AppStore|Any CPU.ActiveCfg = Release|Any CPU
		{39DDB545-B560-41E8-91B6-268D5CBBD231}.AppStore|Any CPU.Build.0 = Release|Any CPU
		{39DDB545-B560-41E8-91B6-268D5CBBD231}.AppStore|Any CPU.Deploy.0 = Release|Any CPU
		{39DDB545-B560-41E8-91B6-268D5CBBD231}.AppStore|ARM.ActiveCfg = Release|Any CPU
		{39DDB545-B560-41E8-91B6-268D5CBBD231}.AppStore|ARM.Build.0 = Release|Any CPU
		{39DDB545-B560-41E8-91B6-268D5CBBD231}.AppStore|ARM.Deploy.0 = Release|Any CPU
		{39DDB545-B560-41E8-91B6-268D5CBBD231}.AppStore|iPhone.ActiveCfg = Release|Any CPU
		{39DDB545-B560-41E8-91B6-268D5CBBD231}.AppStore|iPhone.Build.0 = Release|Any CPU
		{39DDB545-B560-41E8-91B6-268D5CBBD231}.AppStore|iPhone.Deploy.0 = Release|Any CPU
		{39DDB545-B560-41E8-91B6-268D5CBBD231}.AppStore|iPhoneSimulator.ActiveCfg = Release|Any CPU
		{39DDB545-B560-41E8-91B6-268D5CBBD231}.AppStore|iPhoneSimulator.Build.0 = Release|Any CPU
		{39DDB545-B560-41E8-91B6-268D5CBBD231}.AppStore|iPhoneSimulator.Deploy.0 = Release|Any CPU
		{39DDB545-B560-41E8-91B6-268D5CBBD231}.AppStore|x64.ActiveCfg = Release|Any CPU
		{39DDB545-B560-41E8-91B6-268D5CBBD231}.AppStore|x64.Build.0 = Release|Any CPU
		{39DDB545-B560-41E8-91B6-268D5CBBD231}.AppStore|x64.Deploy.0 = Release|Any CPU
		{39DDB545-B560-41E8-91B6-268D5CBBD231}.AppStore|x86.ActiveCfg = Release|Any CPU
		{39DDB545-B560-41E8-91B6-268D5CBBD231}.AppStore|x86.Build.0 = Release|Any CPU
		{39DDB545-B560-41E8-91B6-268D5CBBD231}.AppStore|x86.Deploy.0 = Release|Any CPU
		{39DDB545-B560-41E8-91B6-268D5CBBD231}.Debug|Any CPU.ActiveCfg = Debug|Any CPU
		{39DDB545-B560-41E8-91B6-268D5CBBD231}.Debug|Any CPU.Build.0 = Debug|Any CPU
		{39DDB545-B560-41E8-91B6-268D5CBBD231}.Debug|Any CPU.Deploy.0 = Debug|Any CPU
		{39DDB545-B560-41E8-91B6-268D5CBBD231}.Debug|ARM.ActiveCfg = Debug|Any CPU
		{39DDB545-B560-41E8-91B6-268D5CBBD231}.Debug|ARM.Build.0 = Debug|Any CPU
		{39DDB545-B560-41E8-91B6-268D5CBBD231}.Debug|ARM.Deploy.0 = Debug|Any CPU
		{39DDB545-B560-41E8-91B6-268D5CBBD231}.Debug|iPhone.ActiveCfg = Debug|Any CPU
		{39DDB545-B560-41E8-91B6-268D5CBBD231}.Debug|iPhone.Build.0 = Debug|Any CPU
		{39DDB545-B560-41E8-91B6-268D5CBBD231}.Debug|iPhone.Deploy.0 = Debug|Any CPU
		{39DDB545-B560-41E8-91B6-268D5CBBD231}.Debug|iPhoneSimulator.ActiveCfg = Debug|Any CPU
		{39DDB545-B560-41E8-91B6-268D5CBBD231}.Debug|iPhoneSimulator.Build.0 = Debug|Any CPU
		{39DDB545-B560-41E8-91B6-268D5CBBD231}.Debug|iPhoneSimulator.Deploy.0 = Debug|Any CPU
		{39DDB545-B560-41E8-91B6-268D5CBBD231}.Debug|x64.ActiveCfg = Debug|Any CPU
		{39DDB545-B560-41E8-91B6-268D5CBBD231}.Debug|x64.Build.0 = Debug|Any CPU
		{39DDB545-B560-41E8-91B6-268D5CBBD231}.Debug|x64.Deploy.0 = Debug|Any CPU
		{39DDB545-B560-41E8-91B6-268D5CBBD231}.Debug|x86.ActiveCfg = Debug|Any CPU
		{39DDB545-B560-41E8-91B6-268D5CBBD231}.Debug|x86.Build.0 = Debug|Any CPU
		{39DDB545-B560-41E8-91B6-268D5CBBD231}.Debug|x86.Deploy.0 = Debug|Any CPU
		{39DDB545-B560-41E8-91B6-268D5CBBD231}.Release|Any CPU.ActiveCfg = Release|Any CPU
		{39DDB545-B560-41E8-91B6-268D5CBBD231}.Release|Any CPU.Build.0 = Release|Any CPU
		{39DDB545-B560-41E8-91B6-268D5CBBD231}.Release|Any CPU.Deploy.0 = Release|Any CPU
		{39DDB545-B560-41E8-91B6-268D5CBBD231}.Release|ARM.ActiveCfg = Release|Any CPU
		{39DDB545-B560-41E8-91B6-268D5CBBD231}.Release|ARM.Build.0 = Release|Any CPU
		{39DDB545-B560-41E8-91B6-268D5CBBD231}.Release|ARM.Deploy.0 = Release|Any CPU
		{39DDB545-B560-41E8-91B6-268D5CBBD231}.Release|iPhone.ActiveCfg = Release|Any CPU
		{39DDB545-B560-41E8-91B6-268D5CBBD231}.Release|iPhone.Build.0 = Release|Any CPU
		{39DDB545-B560-41E8-91B6-268D5CBBD231}.Release|iPhone.Deploy.0 = Release|Any CPU
		{39DDB545-B560-41E8-91B6-268D5CBBD231}.Release|iPhoneSimulator.ActiveCfg = Release|Any CPU
		{39DDB545-B560-41E8-91B6-268D5CBBD231}.Release|iPhoneSimulator.Build.0 = Release|Any CPU
		{39DDB545-B560-41E8-91B6-268D5CBBD231}.Release|iPhoneSimulator.Deploy.0 = Release|Any CPU
		{39DDB545-B560-41E8-91B6-268D5CBBD231}.Release|x64.ActiveCfg = Release|Any CPU
		{39DDB545-B560-41E8-91B6-268D5CBBD231}.Release|x64.Build.0 = Release|Any CPU
		{39DDB545-B560-41E8-91B6-268D5CBBD231}.Release|x64.Deploy.0 = Release|Any CPU
		{39DDB545-B560-41E8-91B6-268D5CBBD231}.Release|x86.ActiveCfg = Release|Any CPU
		{39DDB545-B560-41E8-91B6-268D5CBBD231}.Release|x86.Build.0 = Release|Any CPU
		{39DDB545-B560-41E8-91B6-268D5CBBD231}.Release|x86.Deploy.0 = Release|Any CPU
		{DA0DD657-F74D-4942-A84F-217F8014BDCE}.Ad-Hoc|Any CPU.ActiveCfg = Release|Any CPU
		{DA0DD657-F74D-4942-A84F-217F8014BDCE}.Ad-Hoc|Any CPU.Build.0 = Release|Any CPU
		{DA0DD657-F74D-4942-A84F-217F8014BDCE}.Ad-Hoc|ARM.ActiveCfg = Release|Any CPU
		{DA0DD657-F74D-4942-A84F-217F8014BDCE}.Ad-Hoc|ARM.Build.0 = Release|Any CPU
		{DA0DD657-F74D-4942-A84F-217F8014BDCE}.Ad-Hoc|iPhone.ActiveCfg = Release|Any CPU
		{DA0DD657-F74D-4942-A84F-217F8014BDCE}.Ad-Hoc|iPhone.Build.0 = Release|Any CPU
		{DA0DD657-F74D-4942-A84F-217F8014BDCE}.Ad-Hoc|iPhoneSimulator.ActiveCfg = Release|Any CPU
		{DA0DD657-F74D-4942-A84F-217F8014BDCE}.Ad-Hoc|iPhoneSimulator.Build.0 = Release|Any CPU
		{DA0DD657-F74D-4942-A84F-217F8014BDCE}.Ad-Hoc|x64.ActiveCfg = Release|Any CPU
		{DA0DD657-F74D-4942-A84F-217F8014BDCE}.Ad-Hoc|x64.Build.0 = Release|Any CPU
		{DA0DD657-F74D-4942-A84F-217F8014BDCE}.Ad-Hoc|x86.ActiveCfg = Release|Any CPU
		{DA0DD657-F74D-4942-A84F-217F8014BDCE}.Ad-Hoc|x86.Build.0 = Release|Any CPU
		{DA0DD657-F74D-4942-A84F-217F8014BDCE}.AppStore|Any CPU.ActiveCfg = Release|Any CPU
		{DA0DD657-F74D-4942-A84F-217F8014BDCE}.AppStore|Any CPU.Build.0 = Release|Any CPU
		{DA0DD657-F74D-4942-A84F-217F8014BDCE}.AppStore|ARM.ActiveCfg = Release|Any CPU
		{DA0DD657-F74D-4942-A84F-217F8014BDCE}.AppStore|ARM.Build.0 = Release|Any CPU
		{DA0DD657-F74D-4942-A84F-217F8014BDCE}.AppStore|iPhone.ActiveCfg = Release|Any CPU
		{DA0DD657-F74D-4942-A84F-217F8014BDCE}.AppStore|iPhone.Build.0 = Release|Any CPU
		{DA0DD657-F74D-4942-A84F-217F8014BDCE}.AppStore|iPhoneSimulator.ActiveCfg = Release|Any CPU
		{DA0DD657-F74D-4942-A84F-217F8014BDCE}.AppStore|iPhoneSimulator.Build.0 = Release|Any CPU
		{DA0DD657-F74D-4942-A84F-217F8014BDCE}.AppStore|x64.ActiveCfg = Release|Any CPU
		{DA0DD657-F74D-4942-A84F-217F8014BDCE}.AppStore|x64.Build.0 = Release|Any CPU
		{DA0DD657-F74D-4942-A84F-217F8014BDCE}.AppStore|x86.ActiveCfg = Release|Any CPU
		{DA0DD657-F74D-4942-A84F-217F8014BDCE}.AppStore|x86.Build.0 = Release|Any CPU
		{DA0DD657-F74D-4942-A84F-217F8014BDCE}.Debug|Any CPU.ActiveCfg = Debug|Any CPU
		{DA0DD657-F74D-4942-A84F-217F8014BDCE}.Debug|Any CPU.Build.0 = Debug|Any CPU
		{DA0DD657-F74D-4942-A84F-217F8014BDCE}.Debug|ARM.ActiveCfg = Debug|Any CPU
		{DA0DD657-F74D-4942-A84F-217F8014BDCE}.Debug|ARM.Build.0 = Debug|Any CPU
		{DA0DD657-F74D-4942-A84F-217F8014BDCE}.Debug|iPhone.ActiveCfg = Debug|Any CPU
		{DA0DD657-F74D-4942-A84F-217F8014BDCE}.Debug|iPhone.Build.0 = Debug|Any CPU
		{DA0DD657-F74D-4942-A84F-217F8014BDCE}.Debug|iPhoneSimulator.ActiveCfg = Debug|Any CPU
		{DA0DD657-F74D-4942-A84F-217F8014BDCE}.Debug|iPhoneSimulator.Build.0 = Debug|Any CPU
		{DA0DD657-F74D-4942-A84F-217F8014BDCE}.Debug|x64.ActiveCfg = Debug|Any CPU
		{DA0DD657-F74D-4942-A84F-217F8014BDCE}.Debug|x64.Build.0 = Debug|Any CPU
		{DA0DD657-F74D-4942-A84F-217F8014BDCE}.Debug|x86.ActiveCfg = Debug|Any CPU
		{DA0DD657-F74D-4942-A84F-217F8014BDCE}.Debug|x86.Build.0 = Debug|Any CPU
		{DA0DD657-F74D-4942-A84F-217F8014BDCE}.Release|Any CPU.ActiveCfg = Release|Any CPU
		{DA0DD657-F74D-4942-A84F-217F8014BDCE}.Release|Any CPU.Build.0 = Release|Any CPU
		{DA0DD657-F74D-4942-A84F-217F8014BDCE}.Release|ARM.ActiveCfg = Release|Any CPU
		{DA0DD657-F74D-4942-A84F-217F8014BDCE}.Release|ARM.Build.0 = Release|Any CPU
		{DA0DD657-F74D-4942-A84F-217F8014BDCE}.Release|iPhone.ActiveCfg = Release|Any CPU
		{DA0DD657-F74D-4942-A84F-217F8014BDCE}.Release|iPhone.Build.0 = Release|Any CPU
		{DA0DD657-F74D-4942-A84F-217F8014BDCE}.Release|iPhoneSimulator.ActiveCfg = Release|Any CPU
		{DA0DD657-F74D-4942-A84F-217F8014BDCE}.Release|iPhoneSimulator.Build.0 = Release|Any CPU
		{DA0DD657-F74D-4942-A84F-217F8014BDCE}.Release|x64.ActiveCfg = Release|Any CPU
		{DA0DD657-F74D-4942-A84F-217F8014BDCE}.Release|x64.Build.0 = Release|Any CPU
		{DA0DD657-F74D-4942-A84F-217F8014BDCE}.Release|x86.ActiveCfg = Release|Any CPU
		{DA0DD657-F74D-4942-A84F-217F8014BDCE}.Release|x86.Build.0 = Release|Any CPU
		{E43A2A65-8B66-42A7-8EA6-1558092918F1}.Ad-Hoc|Any CPU.ActiveCfg = Ad-Hoc|iPhone
		{E43A2A65-8B66-42A7-8EA6-1558092918F1}.Ad-Hoc|ARM.ActiveCfg = Ad-Hoc|iPhone
		{E43A2A65-8B66-42A7-8EA6-1558092918F1}.Ad-Hoc|iPhone.ActiveCfg = Ad-Hoc|iPhone
		{E43A2A65-8B66-42A7-8EA6-1558092918F1}.Ad-Hoc|iPhone.Build.0 = Ad-Hoc|iPhone
		{E43A2A65-8B66-42A7-8EA6-1558092918F1}.Ad-Hoc|iPhoneSimulator.ActiveCfg = Ad-Hoc|iPhoneSimulator
		{E43A2A65-8B66-42A7-8EA6-1558092918F1}.Ad-Hoc|iPhoneSimulator.Build.0 = Ad-Hoc|iPhoneSimulator
		{E43A2A65-8B66-42A7-8EA6-1558092918F1}.Ad-Hoc|x64.ActiveCfg = Ad-Hoc|iPhone
		{E43A2A65-8B66-42A7-8EA6-1558092918F1}.Ad-Hoc|x86.ActiveCfg = Ad-Hoc|iPhone
		{E43A2A65-8B66-42A7-8EA6-1558092918F1}.AppStore|Any CPU.ActiveCfg = AppStore|iPhone
		{E43A2A65-8B66-42A7-8EA6-1558092918F1}.AppStore|ARM.ActiveCfg = AppStore|iPhone
		{E43A2A65-8B66-42A7-8EA6-1558092918F1}.AppStore|iPhone.ActiveCfg = AppStore|iPhone
		{E43A2A65-8B66-42A7-8EA6-1558092918F1}.AppStore|iPhone.Build.0 = AppStore|iPhone
		{E43A2A65-8B66-42A7-8EA6-1558092918F1}.AppStore|iPhoneSimulator.ActiveCfg = AppStore|iPhoneSimulator
		{E43A2A65-8B66-42A7-8EA6-1558092918F1}.AppStore|iPhoneSimulator.Build.0 = AppStore|iPhoneSimulator
		{E43A2A65-8B66-42A7-8EA6-1558092918F1}.AppStore|x64.ActiveCfg = AppStore|iPhone
		{E43A2A65-8B66-42A7-8EA6-1558092918F1}.AppStore|x86.ActiveCfg = AppStore|iPhone
		{E43A2A65-8B66-42A7-8EA6-1558092918F1}.Debug|Any CPU.ActiveCfg = Debug|iPhone
		{E43A2A65-8B66-42A7-8EA6-1558092918F1}.Debug|ARM.ActiveCfg = Debug|iPhone
		{E43A2A65-8B66-42A7-8EA6-1558092918F1}.Debug|iPhone.ActiveCfg = Debug|iPhone
		{E43A2A65-8B66-42A7-8EA6-1558092918F1}.Debug|iPhone.Build.0 = Debug|iPhone
		{E43A2A65-8B66-42A7-8EA6-1558092918F1}.Debug|iPhoneSimulator.ActiveCfg = Debug|iPhoneSimulator
		{E43A2A65-8B66-42A7-8EA6-1558092918F1}.Debug|iPhoneSimulator.Build.0 = Debug|iPhoneSimulator
		{E43A2A65-8B66-42A7-8EA6-1558092918F1}.Debug|x64.ActiveCfg = Debug|iPhone
		{E43A2A65-8B66-42A7-8EA6-1558092918F1}.Debug|x86.ActiveCfg = Debug|iPhone
		{E43A2A65-8B66-42A7-8EA6-1558092918F1}.Release|Any CPU.ActiveCfg = Release|iPhone
		{E43A2A65-8B66-42A7-8EA6-1558092918F1}.Release|ARM.ActiveCfg = Release|iPhone
		{E43A2A65-8B66-42A7-8EA6-1558092918F1}.Release|iPhone.ActiveCfg = Release|iPhone
		{E43A2A65-8B66-42A7-8EA6-1558092918F1}.Release|iPhone.Build.0 = Release|iPhone
		{E43A2A65-8B66-42A7-8EA6-1558092918F1}.Release|iPhoneSimulator.ActiveCfg = Release|iPhoneSimulator
		{E43A2A65-8B66-42A7-8EA6-1558092918F1}.Release|iPhoneSimulator.Build.0 = Release|iPhoneSimulator
		{E43A2A65-8B66-42A7-8EA6-1558092918F1}.Release|x64.ActiveCfg = Release|iPhone
		{E43A2A65-8B66-42A7-8EA6-1558092918F1}.Release|x86.ActiveCfg = Release|iPhone
	EndGlobalSection
	GlobalSection(SolutionProperties) = preSolution
		HideSolutionNode = FALSE
	EndGlobalSection
EndGlobal
